
Microsoft Visual Studio Solution File, Format Version 12.00
# Visual Studio Version 16
VisualStudioVersion = 16.0.29721.120
MinimumVisualStudioVersion = 10.0.40219.1
Project("{9A19103F-16F7-4668-BE54-9A1E7A4F7556}") = "MasterRPG", "MasterRPG.csproj", "{4AED0B4C-9B93-4D09-89FD-835A18F4EC75}"
EndProject
Global
	GlobalSection(SolutionConfigurationPlatforms) = preSolution
		Debug|Any CPU = Debug|Any CPU
		Release|Any CPU = Release|Any CPU
	EndGlobalSection
	GlobalSection(ProjectConfigurationPlatforms) = postSolution
		{4AED0B4C-9B93-4D09-89FD-835A18F4EC75}.Debug|Any CPU.ActiveCfg = Debug|Any CPU
		{4AED0B4C-9B93-4D09-89FD-835A18F4EC75}.Debug|Any CPU.Build.0 = Debug|Any CPU
		{4AED0B4C-9B93-4D09-89FD-835A18F4EC75}.Release|Any CPU.ActiveCfg = Release|Any CPU
		{4AED0B4C-9B93-4D09-89FD-835A18F4EC75}.Release|Any CPU.Build.0 = Release|Any CPU
	EndGlobalSection
	GlobalSection(SolutionProperties) = preSolution
		HideSolutionNode = FALSE
	EndGlobalSection
	GlobalSection(ExtensibilityGlobals) = postSolution
		SolutionGuid = {4BDC722E-9FAB-4094-A41C-75FD338F4BEC}
	EndGlobalSection
EndGlobal
